
Microsoft Visual Studio Solution File, Format Version 12.00
# Visual Studio Version 17
VisualStudioVersion = 17.8.34309.116
MinimumVisualStudioVersion = 10.0.40219.1
Project("{FAE04EC0-301F-11D3-BF4B-00C04F79EFBC}") = "CRUD", "CRUD\CRUD.csproj", "{9F270F7C-2799-40C3-8CC5-8F5568E8BD89}"
EndProject
Global
	GlobalSection(SolutionConfigurationPlatforms) = preSolution
		Debug|Any CPU = Debug|Any CPU
		Release|Any CPU = Release|Any CPU
	EndGlobalSection
	GlobalSection(ProjectConfigurationPlatforms) = postSolution
		{9F270F7C-2799-40C3-8CC5-8F5568E8BD89}.Debug|Any CPU.ActiveCfg = Debug|Any CPU
		{9F270F7C-2799-40C3-8CC5-8F5568E8BD89}.Debug|Any CPU.Build.0 = Debug|Any CPU
		{9F270F7C-2799-40C3-8CC5-8F5568E8BD89}.Release|Any CPU.ActiveCfg = Release|Any CPU
		{9F270F7C-2799-40C3-8CC5-8F5568E8BD89}.Release|Any CPU.Build.0 = Release|Any CPU
	EndGlobalSection
	GlobalSection(SolutionProperties) = preSolution
		HideSolutionNode = FALSE
	EndGlobalSection
	GlobalSection(ExtensibilityGlobals) = postSolution
		SolutionGuid = {2E6BEFB7-C44C-4D47-8D29-B42A19802EEC}
	EndGlobalSection
EndGlobal
